
Microsoft Visual Studio Solution File, Format Version 12.00
# Visual Studio Version 17
VisualStudioVersion = 17.11.35312.102
MinimumVisualStudioVersion = 10.0.40219.1
Project("{FAE04EC0-301F-11D3-BF4B-00C04F79EFBC}") = "BillingSoftwareWebApp", "BillingSoftwareWebApp\BillingSoftwareWebApp.csproj", "{19937551-6D46-4075-BA80-3926E7A161D1}"
EndProject
Global
	GlobalSection(SolutionConfigurationPlatforms) = preSolution
		Debug|Any CPU = Debug|Any CPU
		Release|Any CPU = Release|Any CPU
	EndGlobalSection
	GlobalSection(ProjectConfigurationPlatforms) = postSolution
		{19937551-6D46-4075-BA80-3926E7A161D1}.Debug|Any CPU.ActiveCfg = Debug|Any CPU
		{19937551-6D46-4075-BA80-3926E7A161D1}.Debug|Any CPU.Build.0 = Debug|Any CPU
		{19937551-6D46-4075-BA80-3926E7A161D1}.Release|Any CPU.ActiveCfg = Release|Any CPU
		{19937551-6D46-4075-BA80-3926E7A161D1}.Release|Any CPU.Build.0 = Release|Any CPU
	EndGlobalSection
	GlobalSection(SolutionProperties) = preSolution
		HideSolutionNode = FALSE
	EndGlobalSection
	GlobalSection(ExtensibilityGlobals) = postSolution
		SolutionGuid = {885A59B8-C1C3-4D86-AAB3-9D44DFAB2226}
	EndGlobalSection
EndGlobal
